{
  "version": "5",
  "specifiers": {
    "jsr:@noble/hashes@^2.2.0": "2.2.0",
    "jsr:@quentinadam/assert@~0.1.18": "0.1.18",
    "jsr:@quentinadam/ensure@~0.1.6": "0.1.6",
    "jsr:@quentinadam/hash@~0.1.16": "0.1.16",
    "jsr:@quentinadam/uint8array-extension@~0.1.19": "0.1.19",
    "npm:preact-render-to-string@^6.6.7": "6.6.7_preact@10.29.1",
    "npm:preact-root-fragment@~0.3.1": "0.3.1_preact@10.29.1",
    "npm:preact@^10.29.1": "10.29.1",
    "npm:typescript@^6.0.2": "6.0.2"
  },
  "jsr": {
    "@noble/hashes@2.2.0": {
      "integrity": "984d0f07d004ac13a6029ef2b200651b1572fcc952be4b313ef4e312ad696189"
    },
    "@quentinadam/assert@0.1.18": {
      "integrity": "33a484ad66cab3d5453f69730d49c05bded72b7ff1bd54b5cc3fc2327fe314ca"
    },
    "@quentinadam/ensure@0.1.6": {
      "integrity": "67ac14be280165486613bab54c619bad1783e569601584c3ad63536f08610818",
      "dependencies": [
        "jsr:@quentinadam/assert"
      ]
    },
    "@quentinadam/hash@0.1.16": {
      "integrity": "e9ba62e5f1038202d99d97c8cd271c1b08c5fa5955f854002b626b62a32b47cd",
      "dependencies": [
        "jsr:@noble/hashes",
        "jsr:@quentinadam/ensure",
        "jsr:@quentinadam/uint8array-extension"
      ]
    },
    "@quentinadam/uint8array-extension@0.1.19": {
      "integrity": "485b6b7fbc265502c11ccbe151f90f240b59399a40f9e3cef2003e36f950249a",
      "dependencies": [
        "jsr:@quentinadam/assert"
      ]
    }
  },
  "npm": {
    "preact-render-to-string@6.6.7_preact@10.29.1": {
      "integrity": "sha512-3XdbsX3+vn9dQW+jJI/FsI9rlkgl6dbeUpqLsChak6jp3j3auFqBCkno7VChbMFs5Q8ylBj6DrUkKRwtVN3nvw==",
      "dependencies": [
        "preact"
      ]
    },
    "preact-root-fragment@0.3.1_preact@10.29.1": {
      "integrity": "sha512-Kva0DYwT5U4D54NSp7WzuyWMtIAlqDyZlM+LWKm7z4bO47K8+tOUPn1Ord2qfyETw0Erq109IF7O3ZzUv0kx6A==",
      "dependencies": [
        "preact"
      ]
    },
    "preact@10.29.1": {
      "integrity": "sha512-gQCLc/vWroE8lIpleXtdJhTFDogTdZG9AjMUpVkDf2iTCNwYNWA+u16dL41TqUDJO4gm2IgrcMv3uTpjd4Pwmg=="
    },
    "typescript@6.0.2": {
      "integrity": "sha512-bGdAIrZ0wiGDo5l8c++HWtbaNCWTS4UTv7RaTH/ThVIgjkveJt83m74bBHMJkuCbslY8ixgLBVZJIOiQlQTjfQ==",
      "bin": true
    }
  },
  "workspace": {
    "dependencies": [
      "jsr:@quentinadam/assert@~0.1.18",
      "jsr:@quentinadam/ensure@~0.1.6",
      "jsr:@quentinadam/hash@~0.1.16",
      "npm:preact-render-to-string@^6.6.7",
      "npm:preact-root-fragment@~0.3.1",
      "npm:preact@^10.29.1",
      "npm:typescript@^6.0.2"
    ]
  }
}
