{
  "version": "5",
  "specifiers": {
    "jsr:@noble/hashes@^2.2.0": "2.2.0",
    "jsr:@quentinadam/assert@~0.1.17": "0.1.17",
    "jsr:@quentinadam/ensure@~0.1.5": "0.1.5",
    "jsr:@quentinadam/hash@~0.1.15": "0.1.15",
    "jsr:@quentinadam/uint8array-extension@~0.1.18": "0.1.18",
    "npm:preact-render-to-string@^6.6.7": "6.6.7_preact@10.29.1",
    "npm:preact-root-fragment@~0.3.1": "0.3.1_preact@10.29.1",
    "npm:preact@^10.29.1": "10.29.1",
    "npm:typescript@^6.0.2": "6.0.2"
  },
  "jsr": {
    "@noble/hashes@2.2.0": {
      "integrity": "984d0f07d004ac13a6029ef2b200651b1572fcc952be4b313ef4e312ad696189"
    },
    "@quentinadam/assert@0.1.17": {
      "integrity": "9eef3bbf11e01f89e53a3ca569a390fd9f313edfd1b962477684528bafeb9f35"
    },
    "@quentinadam/ensure@0.1.5": {
      "integrity": "69e744b5015c0ef2db83e2116321524f720c04bf345805a45fb657510d01a7f7",
      "dependencies": [
        "jsr:@quentinadam/assert"
      ]
    },
    "@quentinadam/hash@0.1.15": {
      "integrity": "1ffa58cd71be1257978726c0c945212961bf78630ff0af96b84d046b22792fd3",
      "dependencies": [
        "jsr:@noble/hashes",
        "jsr:@quentinadam/assert",
        "jsr:@quentinadam/ensure",
        "jsr:@quentinadam/uint8array-extension"
      ]
    },
    "@quentinadam/uint8array-extension@0.1.18": {
      "integrity": "c065e91a6e7d9ec6f11ed9f27856c8fc456953165553aead3acf68751a7d18e2",
      "dependencies": [
        "jsr:@quentinadam/assert"
      ]
    }
  },
  "npm": {
    "preact-render-to-string@6.6.7_preact@10.29.1": {
      "integrity": "sha512-3XdbsX3+vn9dQW+jJI/FsI9rlkgl6dbeUpqLsChak6jp3j3auFqBCkno7VChbMFs5Q8ylBj6DrUkKRwtVN3nvw==",
      "dependencies": [
        "preact"
      ]
    },
    "preact-root-fragment@0.3.1_preact@10.29.1": {
      "integrity": "sha512-Kva0DYwT5U4D54NSp7WzuyWMtIAlqDyZlM+LWKm7z4bO47K8+tOUPn1Ord2qfyETw0Erq109IF7O3ZzUv0kx6A==",
      "dependencies": [
        "preact"
      ]
    },
    "preact@10.29.1": {
      "integrity": "sha512-gQCLc/vWroE8lIpleXtdJhTFDogTdZG9AjMUpVkDf2iTCNwYNWA+u16dL41TqUDJO4gm2IgrcMv3uTpjd4Pwmg=="
    },
    "typescript@6.0.2": {
      "integrity": "sha512-bGdAIrZ0wiGDo5l8c++HWtbaNCWTS4UTv7RaTH/ThVIgjkveJt83m74bBHMJkuCbslY8ixgLBVZJIOiQlQTjfQ==",
      "bin": true
    }
  },
  "workspace": {
    "dependencies": [
      "jsr:@quentinadam/assert@~0.1.17",
      "jsr:@quentinadam/ensure@~0.1.5",
      "jsr:@quentinadam/hash@~0.1.15",
      "npm:preact-render-to-string@^6.6.7",
      "npm:preact-root-fragment@~0.3.1",
      "npm:preact@^10.29.1",
      "npm:typescript@^6.0.2"
    ]
  }
}
